
Microsoft Visual Studio Solution File, Format Version 12.00
# Visual Studio Version 16
VisualStudioVersion = 16.0.30804.86
MinimumVisualStudioVersion = 10.0.40219.1
Project("{FAE04EC0-301F-11D3-BF4B-00C04F79EFBC}") = "CorporateQnA", "CorporateQnA\CorporateQnA.csproj", "{2FF5D4CA-A192-43EB-9A73-C5BEA3734669}"
EndProject
Project("{FAE04EC0-301F-11D3-BF4B-00C04F79EFBC}") = "Modals", "Modals\Modals.csproj", "{BA6E0C6E-5B88-44B9-BEE6-1228BA5DB7AF}"
EndProject
Project("{FAE04EC0-301F-11D3-BF4B-00C04F79EFBC}") = "Services", "Services\Services.csproj", "{ADC08E25-D6DB-47A3-A810-5385BE269494}"
EndProject
Global
	GlobalSection(SolutionConfigurationPlatforms) = preSolution
		Debug|Any CPU = Debug|Any CPU
		Release|Any CPU = Release|Any CPU
	EndGlobalSection
	GlobalSection(ProjectConfigurationPlatforms) = postSolution
		{2FF5D4CA-A192-43EB-9A73-C5BEA3734669}.Debug|Any CPU.ActiveCfg = Debug|Any CPU
		{2FF5D4CA-A192-43EB-9A73-C5BEA3734669}.Debug|Any CPU.Build.0 = Debug|Any CPU
		{2FF5D4CA-A192-43EB-9A73-C5BEA3734669}.Release|Any CPU.ActiveCfg = Release|Any CPU
		{2FF5D4CA-A192-43EB-9A73-C5BEA3734669}.Release|Any CPU.Build.0 = Release|Any CPU
		{BA6E0C6E-5B88-44B9-BEE6-1228BA5DB7AF}.Debug|Any CPU.ActiveCfg = Debug|Any CPU
		{BA6E0C6E-5B88-44B9-BEE6-1228BA5DB7AF}.Debug|Any CPU.Build.0 = Debug|Any CPU
		{BA6E0C6E-5B88-44B9-BEE6-1228BA5DB7AF}.Release|Any CPU.ActiveCfg = Release|Any CPU
		{BA6E0C6E-5B88-44B9-BEE6-1228BA5DB7AF}.Release|Any CPU.Build.0 = Release|Any CPU
		{ADC08E25-D6DB-47A3-A810-5385BE269494}.Debug|Any CPU.ActiveCfg = Debug|Any CPU
		{ADC08E25-D6DB-47A3-A810-5385BE269494}.Debug|Any CPU.Build.0 = Debug|Any CPU
		{ADC08E25-D6DB-47A3-A810-5385BE269494}.Release|Any CPU.ActiveCfg = Release|Any CPU
		{ADC08E25-D6DB-47A3-A810-5385BE269494}.Release|Any CPU.Build.0 = Release|Any CPU
	EndGlobalSection
	GlobalSection(SolutionProperties) = preSolution
		HideSolutionNode = FALSE
	EndGlobalSection
	GlobalSection(ExtensibilityGlobals) = postSolution
		SolutionGuid = {AA4E6C9E-89A0-48B7-97C1-A6F7A72A0326}
	EndGlobalSection
EndGlobal
